
Microsoft Visual Studio Solution File, Format Version 12.00
# Visual Studio Version 16
VisualStudioVersion = 16.0.31313.79
MinimumVisualStudioVersion = 10.0.40219.1
Project("{9A19103F-16F7-4668-BE54-9A1E7A4F7556}") = "ChatApp.Server", "ChatApp\Server\ChatApp.Server.csproj", "{75740561-3697-484A-930F-ED940A4F94B3}"
EndProject
Project("{9A19103F-16F7-4668-BE54-9A1E7A4F7556}") = "ChatApp.Client", "ChatApp\Client\ChatApp.Client.csproj", "{03FF8E17-6BEE-482F-95B3-2E6A06ED7472}"
EndProject
Project("{9A19103F-16F7-4668-BE54-9A1E7A4F7556}") = "ChatApp.Shared", "ChatApp\Shared\ChatApp.Shared.csproj", "{B3E4AE40-9CDF-4F91-A4F3-C27D198D6712}"
EndProject
Global
	GlobalSection(SolutionConfigurationPlatforms) = preSolution
		Debug|Any CPU = Debug|Any CPU
		Release|Any CPU = Release|Any CPU
	EndGlobalSection
	GlobalSection(ProjectConfigurationPlatforms) = postSolution
		{75740561-3697-484A-930F-ED940A4F94B3}.Debug|Any CPU.ActiveCfg = Debug|Any CPU
		{75740561-3697-484A-930F-ED940A4F94B3}.Debug|Any CPU.Build.0 = Debug|Any CPU
		{75740561-3697-484A-930F-ED940A4F94B3}.Release|Any CPU.ActiveCfg = Release|Any CPU
		{75740561-3697-484A-930F-ED940A4F94B3}.Release|Any CPU.Build.0 = Release|Any CPU
		{03FF8E17-6BEE-482F-95B3-2E6A06ED7472}.Debug|Any CPU.ActiveCfg = Debug|Any CPU
		{03FF8E17-6BEE-482F-95B3-2E6A06ED7472}.Debug|Any CPU.Build.0 = Debug|Any CPU
		{03FF8E17-6BEE-482F-95B3-2E6A06ED7472}.Release|Any CPU.ActiveCfg = Release|Any CPU
		{03FF8E17-6BEE-482F-95B3-2E6A06ED7472}.Release|Any CPU.Build.0 = Release|Any CPU
		{B3E4AE40-9CDF-4F91-A4F3-C27D198D6712}.Debug|Any CPU.ActiveCfg = Debug|Any CPU
		{B3E4AE40-9CDF-4F91-A4F3-C27D198D6712}.Debug|Any CPU.Build.0 = Debug|Any CPU
		{B3E4AE40-9CDF-4F91-A4F3-C27D198D6712}.Release|Any CPU.ActiveCfg = Release|Any CPU
		{B3E4AE40-9CDF-4F91-A4F3-C27D198D6712}.Release|Any CPU.Build.0 = Release|Any CPU
	EndGlobalSection
	GlobalSection(SolutionProperties) = preSolution
		HideSolutionNode = FALSE
	EndGlobalSection
	GlobalSection(ExtensibilityGlobals) = postSolution
		SolutionGuid = {81B33B21-32C6-4BAB-AE81-51DD5FD81B0A}
	EndGlobalSection
EndGlobal
